
Microsoft Visual Studio Solution File, Format Version 12.00
# Visual Studio 14
VisualStudioVersion = 14.0.25420.1
MinimumVisualStudioVersion = 10.0.40219.1
Project("{FAE04EC0-301F-11D3-BF4B-00C04F79EFBC}") = "Magnets", "Magnets\Magnets.csproj", "{C4EF5290-1CA2-41F5-89B9-1B60708166F7}"
EndProject
Project("{FAE04EC0-301F-11D3-BF4B-00C04F79EFBC}") = "Utilities", "Utilities\Utilities.csproj", "{9CD14116-8DAD-4325-9B3A-93C47113CD27}"
EndProject
Project("{FAE04EC0-301F-11D3-BF4B-00C04F79EFBC}") = "JSON", "JSON\JSON.csproj", "{4867847C-7BD6-439D-AB49-82B6D556789C}"
EndProject
Global
	GlobalSection(SolutionConfigurationPlatforms) = preSolution
		Debug|Any CPU = Debug|Any CPU
		Release|Any CPU = Release|Any CPU
	EndGlobalSection
	GlobalSection(ProjectConfigurationPlatforms) = postSolution
		{C4EF5290-1CA2-41F5-89B9-1B60708166F7}.Debug|Any CPU.ActiveCfg = Debug|Any CPU
		{C4EF5290-1CA2-41F5-89B9-1B60708166F7}.Debug|Any CPU.Build.0 = Debug|Any CPU
		{C4EF5290-1CA2-41F5-89B9-1B60708166F7}.Release|Any CPU.ActiveCfg = Release|Any CPU
		{C4EF5290-1CA2-41F5-89B9-1B60708166F7}.Release|Any CPU.Build.0 = Release|Any CPU
		{9CD14116-8DAD-4325-9B3A-93C47113CD27}.Debug|Any CPU.ActiveCfg = Debug|Any CPU
		{9CD14116-8DAD-4325-9B3A-93C47113CD27}.Debug|Any CPU.Build.0 = Debug|Any CPU
		{9CD14116-8DAD-4325-9B3A-93C47113CD27}.Release|Any CPU.ActiveCfg = Release|Any CPU
		{9CD14116-8DAD-4325-9B3A-93C47113CD27}.Release|Any CPU.Build.0 = Release|Any CPU
		{4867847C-7BD6-439D-AB49-82B6D556789C}.Debug|Any CPU.ActiveCfg = Debug|Any CPU
		{4867847C-7BD6-439D-AB49-82B6D556789C}.Debug|Any CPU.Build.0 = Debug|Any CPU
		{4867847C-7BD6-439D-AB49-82B6D556789C}.Release|Any CPU.ActiveCfg = Release|Any CPU
		{4867847C-7BD6-439D-AB49-82B6D556789C}.Release|Any CPU.Build.0 = Release|Any CPU
	EndGlobalSection
	GlobalSection(SolutionProperties) = preSolution
		HideSolutionNode = FALSE
	EndGlobalSection
EndGlobal
